
Microsoft Visual Studio Solution File, Format Version 12.00
# Visual Studio Version 16
VisualStudioVersion = 16.0.31129.286
MinimumVisualStudioVersion = 10.0.40219.1
Project("{FAE04EC0-301F-11D3-BF4B-00C04F79EFBC}") = "DynamicValidator", "DynamicValidator\DynamicValidator.csproj", "{88FAB47B-B4AC-48FA-82E5-752A8173A00E}"
EndProject
Project("{FAE04EC0-301F-11D3-BF4B-00C04F79EFBC}") = "DynamicValidatorTests", "DynamicValidatorTests\DynamicValidatorTests.csproj", "{2CEE19DD-3E6D-4B53-B70A-1F9269F18ED8}"
EndProject
Global
	GlobalSection(SolutionConfigurationPlatforms) = preSolution
		Debug|Any CPU = Debug|Any CPU
		Release|Any CPU = Release|Any CPU
	EndGlobalSection
	GlobalSection(ProjectConfigurationPlatforms) = postSolution
		{88FAB47B-B4AC-48FA-82E5-752A8173A00E}.Debug|Any CPU.ActiveCfg = Debug|Any CPU
		{88FAB47B-B4AC-48FA-82E5-752A8173A00E}.Debug|Any CPU.Build.0 = Debug|Any CPU
		{88FAB47B-B4AC-48FA-82E5-752A8173A00E}.Release|Any CPU.ActiveCfg = Release|Any CPU
		{88FAB47B-B4AC-48FA-82E5-752A8173A00E}.Release|Any CPU.Build.0 = Release|Any CPU
		{2CEE19DD-3E6D-4B53-B70A-1F9269F18ED8}.Debug|Any CPU.ActiveCfg = Debug|Any CPU
		{2CEE19DD-3E6D-4B53-B70A-1F9269F18ED8}.Debug|Any CPU.Build.0 = Debug|Any CPU
		{2CEE19DD-3E6D-4B53-B70A-1F9269F18ED8}.Release|Any CPU.ActiveCfg = Release|Any CPU
		{2CEE19DD-3E6D-4B53-B70A-1F9269F18ED8}.Release|Any CPU.Build.0 = Release|Any CPU
	EndGlobalSection
	GlobalSection(SolutionProperties) = preSolution
		HideSolutionNode = FALSE
	EndGlobalSection
	GlobalSection(ExtensibilityGlobals) = postSolution
		SolutionGuid = {92D907E9-04C0-4D5A-9433-ADA07072C50D}
	EndGlobalSection
EndGlobal
